
Microsoft Visual Studio Solution File, Format Version 12.00
# Visual Studio Version 17
VisualStudioVersion = 17.11.35222.181
MinimumVisualStudioVersion = 10.0.40219.1
Project("{9A19103F-16F7-4668-BE54-9A1E7A4F7556}") = "OMarket", "OMarket\OMarket.csproj", "{A3770E71-1694-425D-9ACE-6C3F2E841E12}"
EndProject
Project("{E53339B2-1760-4266-BCC7-CA923CBCF16C}") = "docker-compose", "docker-compose.dcproj", "{1C280406-6A4B-4AB1-BF5D-13BED9703784}"
EndProject
Project("{2150E333-8FDC-42A3-9474-1A3956D46DE8}") = "Solution Items", "Solution Items", "{647D9372-E40C-4C9E-B2CB-6D5AD40BD3C7}"
	ProjectSection(SolutionItems) = preProject
		.gitignore = .gitignore
	EndProjectSection
EndProject
Project("{9A19103F-16F7-4668-BE54-9A1E7A4F7556}") = "OMarket.Application", "OMarket.Application\OMarket.Application.csproj", "{FC1AC0D7-4B4B-4521-95A3-8146F80DA2AD}"
EndProject
Project("{9A19103F-16F7-4668-BE54-9A1E7A4F7556}") = "OMarket.Domain", "OMarket.Domain\OMarket.Domain.csproj", "{CF868CB8-034C-4F35-ADE2-47BE3F98F606}"
EndProject
Project("{9A19103F-16F7-4668-BE54-9A1E7A4F7556}") = "OMarket.Infrastructure", "OMarket.Infrastructure\OMarket.Infrastructure.csproj", "{8A0F337A-7F04-4432-A69B-82AEC493AA41}"
EndProject
Project("{9A19103F-16F7-4668-BE54-9A1E7A4F7556}") = "OMarket.Helpers", "OMarket.Helpers\OMarket.Helpers.csproj", "{D0F58530-ECD5-4504-AC57-8F2BC7C85311}"
EndProject
Project("{9A19103F-16F7-4668-BE54-9A1E7A4F7556}") = "OMarket.Tests", "OMarket.Tests\OMarket.Tests.csproj", "{EB90EF3E-F93F-4259-98B0-55921A1962AC}"
EndProject
Project("{2150E333-8FDC-42A3-9474-1A3956D46DE8}") = "dbs", "dbs", "{FD2CCC4C-4FF9-4E6B-A02E-12A634F1B987}"
EndProject
Project("{2150E333-8FDC-42A3-9474-1A3956D46DE8}") = "redis", "redis", "{20392C68-FB61-4685-83B4-7C628EE48AE5}"
EndProject
Project("{2150E333-8FDC-42A3-9474-1A3956D46DE8}") = "postgres", "postgres", "{F5DA6748-D55C-4451-8D85-90FA1E196369}"
EndProject
Project("{2150E333-8FDC-42A3-9474-1A3956D46DE8}") = "proxy", "proxy", "{EA5F0621-2B6E-4ABB-8F45-963B5AF4090A}"
	ProjectSection(SolutionItems) = preProject
		init-letsencrypt.sh = init-letsencrypt.sh
	EndProjectSection
EndProject
Project("{2150E333-8FDC-42A3-9474-1A3956D46DE8}") = "certbot", "certbot", "{E2921EBB-D18E-4B47-BD99-7F32DC4F1E6B}"
EndProject
Project("{2150E333-8FDC-42A3-9474-1A3956D46DE8}") = "nginx", "nginx", "{4A4C7031-AE31-454A-BB50-E164E191987E}"
	ProjectSection(SolutionItems) = preProject
		default.conf = default.conf
	EndProjectSection
EndProject
Project("{2150E333-8FDC-42A3-9474-1A3956D46DE8}") = "conf", "conf", "{08DE1A33-3A15-4E22-849D-7A27B3EF160C}"
EndProject
Project("{2150E333-8FDC-42A3-9474-1A3956D46DE8}") = "lib", "lib", "{6CB8223B-C397-41CA-A9B9-98F1F293FF21}"
EndProject
Project("{2150E333-8FDC-42A3-9474-1A3956D46DE8}") = "www", "www", "{05F5A146-8374-4F0F-9D2A-9684D36EA668}"
EndProject
Project("{2150E333-8FDC-42A3-9474-1A3956D46DE8}") = "appstorage", "appstorage", "{A1456812-6358-4A19-8559-82CEF85DC139}"
EndProject
Project("{2150E333-8FDC-42A3-9474-1A3956D46DE8}") = "dataprotectionkeys", "dataprotectionkeys", "{CA224DEC-D9DA-4C8E-BB7F-E4118C4EDBEF}"
EndProject
Project("{2150E333-8FDC-42A3-9474-1A3956D46DE8}") = "logs", "logs", "{61460224-1882-48D6-968F-B5AC54511018}"
EndProject
Project("{2150E333-8FDC-42A3-9474-1A3956D46DE8}") = "static", "static", "{54CC4B6A-C162-43B8-AACA-ABDE97966A2B}"
EndProject
Global
	GlobalSection(SolutionConfigurationPlatforms) = preSolution
		Debug|Any CPU = Debug|Any CPU
		Release|Any CPU = Release|Any CPU
	EndGlobalSection
	GlobalSection(ProjectConfigurationPlatforms) = postSolution
		{A3770E71-1694-425D-9ACE-6C3F2E841E12}.Debug|Any CPU.ActiveCfg = Debug|Any CPU
		{A3770E71-1694-425D-9ACE-6C3F2E841E12}.Debug|Any CPU.Build.0 = Debug|Any CPU
		{A3770E71-1694-425D-9ACE-6C3F2E841E12}.Release|Any CPU.ActiveCfg = Release|Any CPU
		{A3770E71-1694-425D-9ACE-6C3F2E841E12}.Release|Any CPU.Build.0 = Release|Any CPU
		{1C280406-6A4B-4AB1-BF5D-13BED9703784}.Debug|Any CPU.ActiveCfg = Debug|Any CPU
		{1C280406-6A4B-4AB1-BF5D-13BED9703784}.Debug|Any CPU.Build.0 = Debug|Any CPU
		{1C280406-6A4B-4AB1-BF5D-13BED9703784}.Release|Any CPU.ActiveCfg = Release|Any CPU
		{1C280406-6A4B-4AB1-BF5D-13BED9703784}.Release|Any CPU.Build.0 = Release|Any CPU
		{FC1AC0D7-4B4B-4521-95A3-8146F80DA2AD}.Debug|Any CPU.ActiveCfg = Debug|Any CPU
		{FC1AC0D7-4B4B-4521-95A3-8146F80DA2AD}.Debug|Any CPU.Build.0 = Debug|Any CPU
		{FC1AC0D7-4B4B-4521-95A3-8146F80DA2AD}.Release|Any CPU.ActiveCfg = Release|Any CPU
		{FC1AC0D7-4B4B-4521-95A3-8146F80DA2AD}.Release|Any CPU.Build.0 = Release|Any CPU
		{CF868CB8-034C-4F35-ADE2-47BE3F98F606}.Debug|Any CPU.ActiveCfg = Debug|Any CPU
		{CF868CB8-034C-4F35-ADE2-47BE3F98F606}.Debug|Any CPU.Build.0 = Debug|Any CPU
		{CF868CB8-034C-4F35-ADE2-47BE3F98F606}.Release|Any CPU.ActiveCfg = Release|Any CPU
		{CF868CB8-034C-4F35-ADE2-47BE3F98F606}.Release|Any CPU.Build.0 = Release|Any CPU
		{8A0F337A-7F04-4432-A69B-82AEC493AA41}.Debug|Any CPU.ActiveCfg = Debug|Any CPU
		{8A0F337A-7F04-4432-A69B-82AEC493AA41}.Debug|Any CPU.Build.0 = Debug|Any CPU
		{8A0F337A-7F04-4432-A69B-82AEC493AA41}.Release|Any CPU.ActiveCfg = Release|Any CPU
		{8A0F337A-7F04-4432-A69B-82AEC493AA41}.Release|Any CPU.Build.0 = Release|Any CPU
		{D0F58530-ECD5-4504-AC57-8F2BC7C85311}.Debug|Any CPU.ActiveCfg = Debug|Any CPU
		{D0F58530-ECD5-4504-AC57-8F2BC7C85311}.Debug|Any CPU.Build.0 = Debug|Any CPU
		{D0F58530-ECD5-4504-AC57-8F2BC7C85311}.Release|Any CPU.ActiveCfg = Release|Any CPU
		{D0F58530-ECD5-4504-AC57-8F2BC7C85311}.Release|Any CPU.Build.0 = Release|Any CPU
		{EB90EF3E-F93F-4259-98B0-55921A1962AC}.Debug|Any CPU.ActiveCfg = Debug|Any CPU
		{EB90EF3E-F93F-4259-98B0-55921A1962AC}.Debug|Any CPU.Build.0 = Debug|Any CPU
		{EB90EF3E-F93F-4259-98B0-55921A1962AC}.Release|Any CPU.ActiveCfg = Release|Any CPU
		{EB90EF3E-F93F-4259-98B0-55921A1962AC}.Release|Any CPU.Build.0 = Release|Any CPU
	EndGlobalSection
	GlobalSection(SolutionProperties) = preSolution
		HideSolutionNode = FALSE
	EndGlobalSection
	GlobalSection(NestedProjects) = preSolution
		{FD2CCC4C-4FF9-4E6B-A02E-12A634F1B987} = {647D9372-E40C-4C9E-B2CB-6D5AD40BD3C7}
		{20392C68-FB61-4685-83B4-7C628EE48AE5} = {FD2CCC4C-4FF9-4E6B-A02E-12A634F1B987}
		{F5DA6748-D55C-4451-8D85-90FA1E196369} = {FD2CCC4C-4FF9-4E6B-A02E-12A634F1B987}
		{EA5F0621-2B6E-4ABB-8F45-963B5AF4090A} = {647D9372-E40C-4C9E-B2CB-6D5AD40BD3C7}
		{E2921EBB-D18E-4B47-BD99-7F32DC4F1E6B} = {EA5F0621-2B6E-4ABB-8F45-963B5AF4090A}
		{4A4C7031-AE31-454A-BB50-E164E191987E} = {EA5F0621-2B6E-4ABB-8F45-963B5AF4090A}
		{08DE1A33-3A15-4E22-849D-7A27B3EF160C} = {E2921EBB-D18E-4B47-BD99-7F32DC4F1E6B}
		{6CB8223B-C397-41CA-A9B9-98F1F293FF21} = {E2921EBB-D18E-4B47-BD99-7F32DC4F1E6B}
		{05F5A146-8374-4F0F-9D2A-9684D36EA668} = {E2921EBB-D18E-4B47-BD99-7F32DC4F1E6B}
		{A1456812-6358-4A19-8559-82CEF85DC139} = {647D9372-E40C-4C9E-B2CB-6D5AD40BD3C7}
		{CA224DEC-D9DA-4C8E-BB7F-E4118C4EDBEF} = {A1456812-6358-4A19-8559-82CEF85DC139}
		{61460224-1882-48D6-968F-B5AC54511018} = {A1456812-6358-4A19-8559-82CEF85DC139}
		{54CC4B6A-C162-43B8-AACA-ABDE97966A2B} = {A1456812-6358-4A19-8559-82CEF85DC139}
	EndGlobalSection
	GlobalSection(ExtensibilityGlobals) = postSolution
		SolutionGuid = {024AC8BC-AE1C-4BE9-9585-84D64D03BD67}
	EndGlobalSection
EndGlobal
