
Microsoft Visual Studio Solution File, Format Version 12.00
# Visual Studio Version 17
VisualStudioVersion = 17.11.35222.181
MinimumVisualStudioVersion = 10.0.40219.1
Project("{9A19103F-16F7-4668-BE54-9A1E7A4F7556}") = "OMarket", "OMarket\OMarket.csproj", "{A3770E71-1694-425D-9ACE-6C3F2E841E12}"
EndProject
Project("{E53339B2-1760-4266-BCC7-CA923CBCF16C}") = "docker-compose", "docker-compose.dcproj", "{1C280406-6A4B-4AB1-BF5D-13BED9703784}"
EndProject
Project("{2150E333-8FDC-42A3-9474-1A3956D46DE8}") = "Solution Items", "Solution Items", "{647D9372-E40C-4C9E-B2CB-6D5AD40BD3C7}"
	ProjectSection(SolutionItems) = preProject
		.gitignore = .gitignore
	EndProjectSection
EndProject
Project("{9A19103F-16F7-4668-BE54-9A1E7A4F7556}") = "OMarket.Application", "OMarket.Application\OMarket.Application.csproj", "{FC1AC0D7-4B4B-4521-95A3-8146F80DA2AD}"
EndProject
Project("{9A19103F-16F7-4668-BE54-9A1E7A4F7556}") = "OMarket.Domain", "OMarket.Domain\OMarket.Domain.csproj", "{CF868CB8-034C-4F35-ADE2-47BE3F98F606}"
EndProject
Project("{9A19103F-16F7-4668-BE54-9A1E7A4F7556}") = "OMarket.Infrastructure", "OMarket.Infrastructure\OMarket.Infrastructure.csproj", "{8A0F337A-7F04-4432-A69B-82AEC493AA41}"
EndProject
Project("{9A19103F-16F7-4668-BE54-9A1E7A4F7556}") = "OMarket.Helpers", "OMarket.Helpers\OMarket.Helpers.csproj", "{D0F58530-ECD5-4504-AC57-8F2BC7C85311}"
EndProject
Project("{9A19103F-16F7-4668-BE54-9A1E7A4F7556}") = "OMarket.Tests", "OMarket.Tests\OMarket.Tests.csproj", "{EB90EF3E-F93F-4259-98B0-55921A1962AC}"
EndProject
Project("{2150E333-8FDC-42A3-9474-1A3956D46DE8}") = "prod", "prod", "{D51E11C3-C35C-444F-927B-52B653A6681C}"
EndProject
Project("{2150E333-8FDC-42A3-9474-1A3956D46DE8}") = "appstorage", "appstorage", "{04E02132-FB0F-40E0-9152-2807BBF2999D}"
EndProject
Project("{2150E333-8FDC-42A3-9474-1A3956D46DE8}") = "dataprotectionkeys", "dataprotectionkeys", "{97388C3E-F315-45D3-AD60-A2C8CF56B21F}"
EndProject
Project("{2150E333-8FDC-42A3-9474-1A3956D46DE8}") = "logs", "logs", "{5BAC4674-C095-4EE2-8F78-1A7AAA05C57F}"
EndProject
Project("{2150E333-8FDC-42A3-9474-1A3956D46DE8}") = "static", "static", "{5687A31B-99EC-405B-8472-23FD23073EAE}"
	ProjectSection(SolutionItems) = preProject
		prod\appstorage\static\front\index.html = prod\appstorage\static\front\index.html
		prod\appstorage\static\front\main.svg = prod\appstorage\static\front\main.svg
	EndProjectSection
EndProject
Project("{2150E333-8FDC-42A3-9474-1A3956D46DE8}") = "dbs", "dbs", "{A97392C6-E4AC-4191-B1B0-471047677E95}"
EndProject
Project("{2150E333-8FDC-42A3-9474-1A3956D46DE8}") = "postgres", "postgres", "{E1CE006B-76FA-4D83-95F9-6F872B27330C}"
EndProject
Project("{2150E333-8FDC-42A3-9474-1A3956D46DE8}") = "redis", "redis", "{38E08DC0-9FC5-4914-9668-E40E85259F8B}"
EndProject
Project("{2150E333-8FDC-42A3-9474-1A3956D46DE8}") = "proxy", "proxy", "{7BDFF261-96ED-44D1-95E3-0149CE065EC7}"
	ProjectSection(SolutionItems) = preProject
		prod\proxy\init-letsencrypt.sh = prod\proxy\init-letsencrypt.sh
	EndProjectSection
EndProject
Project("{2150E333-8FDC-42A3-9474-1A3956D46DE8}") = "certbot", "certbot", "{12EE27BB-2FB5-4C50-BBCC-6A990B713311}"
EndProject
Project("{2150E333-8FDC-42A3-9474-1A3956D46DE8}") = "conf", "conf", "{99EABB67-315E-4928-8C45-7A191C9EA40A}"
EndProject
Project("{2150E333-8FDC-42A3-9474-1A3956D46DE8}") = "lib", "lib", "{EE6F23EE-C09D-433F-B657-D3DDFC5788DF}"
EndProject
Project("{2150E333-8FDC-42A3-9474-1A3956D46DE8}") = "www", "www", "{22049017-ACD0-49CC-B676-78B3AF6844E5}"
EndProject
Project("{2150E333-8FDC-42A3-9474-1A3956D46DE8}") = "nginx", "nginx", "{FF3A7443-881D-497E-AE11-68B72E275E8A}"
	ProjectSection(SolutionItems) = preProject
		prod\proxy\nginx\default.conf = prod\proxy\nginx\default.conf
	EndProjectSection
EndProject
Project("{2150E333-8FDC-42A3-9474-1A3956D46DE8}") = "assets", "assets", "{50D6CC98-E2DA-4CE4-AD4F-B66EA7C7E902}"
	ProjectSection(SolutionItems) = preProject
		prod\appstorage\static\front\assets\index-Dl5XBTuc.css = prod\appstorage\static\front\assets\index-Dl5XBTuc.css
		prod\appstorage\static\front\assets\index-DVDiSP0k.js = prod\appstorage\static\front\assets\index-DVDiSP0k.js
	EndProjectSection
EndProject
Global
	GlobalSection(SolutionConfigurationPlatforms) = preSolution
		Debug|Any CPU = Debug|Any CPU
		Release|Any CPU = Release|Any CPU
	EndGlobalSection
	GlobalSection(ProjectConfigurationPlatforms) = postSolution
		{A3770E71-1694-425D-9ACE-6C3F2E841E12}.Debug|Any CPU.ActiveCfg = Debug|Any CPU
		{A3770E71-1694-425D-9ACE-6C3F2E841E12}.Debug|Any CPU.Build.0 = Debug|Any CPU
		{A3770E71-1694-425D-9ACE-6C3F2E841E12}.Release|Any CPU.ActiveCfg = Release|Any CPU
		{A3770E71-1694-425D-9ACE-6C3F2E841E12}.Release|Any CPU.Build.0 = Release|Any CPU
		{1C280406-6A4B-4AB1-BF5D-13BED9703784}.Debug|Any CPU.ActiveCfg = Debug|Any CPU
		{1C280406-6A4B-4AB1-BF5D-13BED9703784}.Debug|Any CPU.Build.0 = Debug|Any CPU
		{1C280406-6A4B-4AB1-BF5D-13BED9703784}.Release|Any CPU.ActiveCfg = Release|Any CPU
		{1C280406-6A4B-4AB1-BF5D-13BED9703784}.Release|Any CPU.Build.0 = Release|Any CPU
		{FC1AC0D7-4B4B-4521-95A3-8146F80DA2AD}.Debug|Any CPU.ActiveCfg = Debug|Any CPU
		{FC1AC0D7-4B4B-4521-95A3-8146F80DA2AD}.Debug|Any CPU.Build.0 = Debug|Any CPU
		{FC1AC0D7-4B4B-4521-95A3-8146F80DA2AD}.Release|Any CPU.ActiveCfg = Release|Any CPU
		{FC1AC0D7-4B4B-4521-95A3-8146F80DA2AD}.Release|Any CPU.Build.0 = Release|Any CPU
		{CF868CB8-034C-4F35-ADE2-47BE3F98F606}.Debug|Any CPU.ActiveCfg = Debug|Any CPU
		{CF868CB8-034C-4F35-ADE2-47BE3F98F606}.Debug|Any CPU.Build.0 = Debug|Any CPU
		{CF868CB8-034C-4F35-ADE2-47BE3F98F606}.Release|Any CPU.ActiveCfg = Release|Any CPU
		{CF868CB8-034C-4F35-ADE2-47BE3F98F606}.Release|Any CPU.Build.0 = Release|Any CPU
		{8A0F337A-7F04-4432-A69B-82AEC493AA41}.Debug|Any CPU.ActiveCfg = Debug|Any CPU
		{8A0F337A-7F04-4432-A69B-82AEC493AA41}.Debug|Any CPU.Build.0 = Debug|Any CPU
		{8A0F337A-7F04-4432-A69B-82AEC493AA41}.Release|Any CPU.ActiveCfg = Release|Any CPU
		{8A0F337A-7F04-4432-A69B-82AEC493AA41}.Release|Any CPU.Build.0 = Release|Any CPU
		{D0F58530-ECD5-4504-AC57-8F2BC7C85311}.Debug|Any CPU.ActiveCfg = Debug|Any CPU
		{D0F58530-ECD5-4504-AC57-8F2BC7C85311}.Debug|Any CPU.Build.0 = Debug|Any CPU
		{D0F58530-ECD5-4504-AC57-8F2BC7C85311}.Release|Any CPU.ActiveCfg = Release|Any CPU
		{D0F58530-ECD5-4504-AC57-8F2BC7C85311}.Release|Any CPU.Build.0 = Release|Any CPU
		{EB90EF3E-F93F-4259-98B0-55921A1962AC}.Debug|Any CPU.ActiveCfg = Debug|Any CPU
		{EB90EF3E-F93F-4259-98B0-55921A1962AC}.Debug|Any CPU.Build.0 = Debug|Any CPU
		{EB90EF3E-F93F-4259-98B0-55921A1962AC}.Release|Any CPU.ActiveCfg = Release|Any CPU
		{EB90EF3E-F93F-4259-98B0-55921A1962AC}.Release|Any CPU.Build.0 = Release|Any CPU
	EndGlobalSection
	GlobalSection(SolutionProperties) = preSolution
		HideSolutionNode = FALSE
	EndGlobalSection
	GlobalSection(NestedProjects) = preSolution
		{04E02132-FB0F-40E0-9152-2807BBF2999D} = {D51E11C3-C35C-444F-927B-52B653A6681C}
		{97388C3E-F315-45D3-AD60-A2C8CF56B21F} = {04E02132-FB0F-40E0-9152-2807BBF2999D}
		{5BAC4674-C095-4EE2-8F78-1A7AAA05C57F} = {04E02132-FB0F-40E0-9152-2807BBF2999D}
		{5687A31B-99EC-405B-8472-23FD23073EAE} = {04E02132-FB0F-40E0-9152-2807BBF2999D}
		{A97392C6-E4AC-4191-B1B0-471047677E95} = {D51E11C3-C35C-444F-927B-52B653A6681C}
		{E1CE006B-76FA-4D83-95F9-6F872B27330C} = {A97392C6-E4AC-4191-B1B0-471047677E95}
		{38E08DC0-9FC5-4914-9668-E40E85259F8B} = {A97392C6-E4AC-4191-B1B0-471047677E95}
		{7BDFF261-96ED-44D1-95E3-0149CE065EC7} = {D51E11C3-C35C-444F-927B-52B653A6681C}
		{12EE27BB-2FB5-4C50-BBCC-6A990B713311} = {7BDFF261-96ED-44D1-95E3-0149CE065EC7}
		{99EABB67-315E-4928-8C45-7A191C9EA40A} = {12EE27BB-2FB5-4C50-BBCC-6A990B713311}
		{EE6F23EE-C09D-433F-B657-D3DDFC5788DF} = {12EE27BB-2FB5-4C50-BBCC-6A990B713311}
		{22049017-ACD0-49CC-B676-78B3AF6844E5} = {12EE27BB-2FB5-4C50-BBCC-6A990B713311}
		{FF3A7443-881D-497E-AE11-68B72E275E8A} = {7BDFF261-96ED-44D1-95E3-0149CE065EC7}
		{50D6CC98-E2DA-4CE4-AD4F-B66EA7C7E902} = {5687A31B-99EC-405B-8472-23FD23073EAE}
	EndGlobalSection
	GlobalSection(ExtensibilityGlobals) = postSolution
		SolutionGuid = {024AC8BC-AE1C-4BE9-9585-84D64D03BD67}
	EndGlobalSection
EndGlobal
